// !$*UTF8*$!
{
	archiveVersion = 1;
	classes = {
	};
	objectVersion = 46;
	objects = {

/* Begin PBXBuildFile section */
		304070EF1CCA94DE00F9D092 /* FMPersonnelTableViewController.swift in Sources */ = {isa = PBXBuildFile; fileRef = 304070EE1CCA94DE00F9D092 /* FMPersonnelTableViewController.swift */; };
		304070F11CCABAAF00F9D092 /* FMPersonnelDetailViewController.swift in Sources */ = {isa = PBXBuildFile; fileRef = 304070F01CCABAAF00F9D092 /* FMPersonnelDetailViewController.swift */; };
		3058BD0D1CB987C200AFF9A8 /* FMEventTableViewController.swift in Sources */ = {isa = PBXBuildFile; fileRef = 3058BD0C1CB987C200AFF9A8 /* FMEventTableViewController.swift */; };
		3058BD0F1CB987F300AFF9A8 /* FMEventDetailTableViewController.swift in Sources */ = {isa = PBXBuildFile; fileRef = 3058BD0E1CB987F300AFF9A8 /* FMEventDetailTableViewController.swift */; };
		3058BD111CBA2A8B00AFF9A8 /* FMEventTableViewCell.xib in Resources */ = {isa = PBXBuildFile; fileRef = 3058BD101CBA2A8B00AFF9A8 /* FMEventTableViewCell.xib */; };
		3058BD131CBA2C9300AFF9A8 /* FMEventTableViewCell.swift in Sources */ = {isa = PBXBuildFile; fileRef = 3058BD121CBA2C9300AFF9A8 /* FMEventTableViewCell.swift */; };
		3058BD151CBE969600AFF9A8 /* commonExtensions.swift in Sources */ = {isa = PBXBuildFile; fileRef = 3058BD141CBE969600AFF9A8 /* commonExtensions.swift */; };
		307CAA5B1C91BA0300F3D59F /* AppDelegate.swift in Sources */ = {isa = PBXBuildFile; fileRef = 307CAA5A1C91BA0300F3D59F /* AppDelegate.swift */; };
		307CAA621C91BA0300F3D59F /* Main.storyboard in Resources */ = {isa = PBXBuildFile; fileRef = 307CAA601C91BA0300F3D59F /* Main.storyboard */; };
		307CAA641C91BA0300F3D59F /* Assets.xcassets in Resources */ = {isa = PBXBuildFile; fileRef = 307CAA631C91BA0300F3D59F /* Assets.xcassets */; };
		307CAA671C91BA0300F3D59F /* LaunchScreen.storyboard in Resources */ = {isa = PBXBuildFile; fileRef = 307CAA651C91BA0300F3D59F /* LaunchScreen.storyboard */; };
		308B5D791C91D5AA005C1F48 /* DataFactory.swift in Sources */ = {isa = PBXBuildFile; fileRef = 308B5D781C91D5AA005C1F48 /* DataFactory.swift */; };
		3094F44C1CAEEE650067062E /* FMCompanyTableViewCell.xib in Resources */ = {isa = PBXBuildFile; fileRef = 3094F44B1CAEEE650067062E /* FMCompanyTableViewCell.xib */; };
		3094F44E1CAEF3330067062E /* FMCompanyTableViewCell.swift in Sources */ = {isa = PBXBuildFile; fileRef = 3094F44D1CAEF3330067062E /* FMCompanyTableViewCell.swift */; };
		3094F4501CAF01FD0067062E /* FMUINavigationController.swift in Sources */ = {isa = PBXBuildFile; fileRef = 3094F44F1CAF01FD0067062E /* FMUINavigationController.swift */; };
		3099A6BC1CB28A4500FCA1E5 /* FMUITabBarController.swift in Sources */ = {isa = PBXBuildFile; fileRef = 3099A6BB1CB28A4500FCA1E5 /* FMUITabBarController.swift */; };
		30E71D9A1CAFC2C2003A5E95 /* FMCompanyTableViewController.swift in Sources */ = {isa = PBXBuildFile; fileRef = 30E71D991CAFC2C2003A5E95 /* FMCompanyTableViewController.swift */; };
		30E71D9C1CAFC389003A5E95 /* FMCompanyDetailTableViewController.swift in Sources */ = {isa = PBXBuildFile; fileRef = 30E71D9B1CAFC389003A5E95 /* FMCompanyDetailTableViewController.swift */; };
		AC316DCD18F7A6416F5F7CE8 /* Pods_FairManager.framework in Frameworks */ = {isa = PBXBuildFile; fileRef = EFD35E4D6B51EA11038654F9 /* Pods_FairManager.framework */; };
/* End PBXBuildFile section */

/* Begin PBXFileReference section */
		1FBCAF84EEDF87578315FBFA /* Pods-FairManager.release.xcconfig */ = {isa = PBXFileReference; includeInIndex = 1; lastKnownFileType = text.xcconfig; name = "Pods-FairManager.release.xcconfig"; path = "Pods/Target Support Files/Pods-FairManager/Pods-FairManager.release.xcconfig"; sourceTree = "<group>"; };
		304070EE1CCA94DE00F9D092 /* FMPersonnelTableViewController.swift */ = {isa = PBXFileReference; fileEncoding = 4; lastKnownFileType = sourcecode.swift; path = FMPersonnelTableViewController.swift; sourceTree = "<group>"; };
		304070F01CCABAAF00F9D092 /* FMPersonnelDetailViewController.swift */ = {isa = PBXFileReference; fileEncoding = 4; lastKnownFileType = sourcecode.swift; path = FMPersonnelDetailViewController.swift; sourceTree = "<group>"; };
		3058BD0C1CB987C200AFF9A8 /* FMEventTableViewController.swift */ = {isa = PBXFileReference; fileEncoding = 4; lastKnownFileType = sourcecode.swift; path = FMEventTableViewController.swift; sourceTree = "<group>"; };
		3058BD0E1CB987F300AFF9A8 /* FMEventDetailTableViewController.swift */ = {isa = PBXFileReference; fileEncoding = 4; lastKnownFileType = sourcecode.swift; path = FMEventDetailTableViewController.swift; sourceTree = "<group>"; };
		3058BD101CBA2A8B00AFF9A8 /* FMEventTableViewCell.xib */ = {isa = PBXFileReference; fileEncoding = 4; lastKnownFileType = file.xib; path = FMEventTableViewCell.xib; sourceTree = "<group>"; };
		3058BD121CBA2C9300AFF9A8 /* FMEventTableViewCell.swift */ = {isa = PBXFileReference; fileEncoding = 4; lastKnownFileType = sourcecode.swift; path = FMEventTableViewCell.swift; sourceTree = "<group>"; };
		3058BD141CBE969600AFF9A8 /* commonExtensions.swift */ = {isa = PBXFileReference; fileEncoding = 4; lastKnownFileType = sourcecode.swift; path = commonExtensions.swift; sourceTree = "<group>"; };
		307CAA571C91BA0300F3D59F /* FairManager.app */ = {isa = PBXFileReference; explicitFileType = wrapper.application; includeInIndex = 0; path = FairManager.app; sourceTree = BUILT_PRODUCTS_DIR; };
		307CAA5A1C91BA0300F3D59F /* AppDelegate.swift */ = {isa = PBXFileReference; lastKnownFileType = sourcecode.swift; path = AppDelegate.swift; sourceTree = "<group>"; };
		307CAA611C91BA0300F3D59F /* Base */ = {isa = PBXFileReference; lastKnownFileType = file.storyboard; name = Base; path = Base.lproj/Main.storyboard; sourceTree = "<group>"; };
		307CAA631C91BA0300F3D59F /* Assets.xcassets */ = {isa = PBXFileReference; lastKnownFileType = folder.assetcatalog; path = Assets.xcassets; sourceTree = "<group>"; };
		307CAA661C91BA0300F3D59F /* Base */ = {isa = PBXFileReference; lastKnownFileType = file.storyboard; name = Base; path = Base.lproj/LaunchScreen.storyboard; sourceTree = "<group>"; };
		307CAA681C91BA0300F3D59F /* Info.plist */ = {isa = PBXFileReference; lastKnownFileType = text.plist.xml; path = Info.plist; sourceTree = "<group>"; };
		308B5D781C91D5AA005C1F48 /* DataFactory.swift */ = {isa = PBXFileReference; fileEncoding = 4; lastKnownFileType = sourcecode.swift; path = DataFactory.swift; sourceTree = "<group>"; };
		3094F44B1CAEEE650067062E /* FMCompanyTableViewCell.xib */ = {isa = PBXFileReference; fileEncoding = 4; lastKnownFileType = file.xib; path = FMCompanyTableViewCell.xib; sourceTree = "<group>"; };
		3094F44D1CAEF3330067062E /* FMCompanyTableViewCell.swift */ = {isa = PBXFileReference; fileEncoding = 4; lastKnownFileType = sourcecode.swift; path = FMCompanyTableViewCell.swift; sourceTree = "<group>"; };
		3094F44F1CAF01FD0067062E /* FMUINavigationController.swift */ = {isa = PBXFileReference; fileEncoding = 4; lastKnownFileType = sourcecode.swift; path = FMUINavigationController.swift; sourceTree = "<group>"; };
		3099A6BB1CB28A4500FCA1E5 /* FMUITabBarController.swift */ = {isa = PBXFileReference; fileEncoding = 4; lastKnownFileType = sourcecode.swift; path = FMUITabBarController.swift; sourceTree = "<group>"; };
		30E71D991CAFC2C2003A5E95 /* FMCompanyTableViewController.swift */ = {isa = PBXFileReference; fileEncoding = 4; lastKnownFileType = sourcecode.swift; path = FMCompanyTableViewController.swift; sourceTree = "<group>"; };
		30E71D9B1CAFC389003A5E95 /* FMCompanyDetailTableViewController.swift */ = {isa = PBXFileReference; fileEncoding = 4; lastKnownFileType = sourcecode.swift; path = FMCompanyDetailTableViewController.swift; sourceTree = "<group>"; };
		EFD35E4D6B51EA11038654F9 /* Pods_FairManager.framework */ = {isa = PBXFileReference; explicitFileType = wrapper.framework; includeInIndex = 0; path = Pods_FairManager.framework; sourceTree = BUILT_PRODUCTS_DIR; };
		F2A22E6FA3463AE453DC3485 /* Pods-FairManager.debug.xcconfig */ = {isa = PBXFileReference; includeInIndex = 1; lastKnownFileType = text.xcconfig; name = "Pods-FairManager.debug.xcconfig"; path = "Pods/Target Support Files/Pods-FairManager/Pods-FairManager.debug.xcconfig"; sourceTree = "<group>"; };
/* End PBXFileReference section */

/* Begin PBXFrameworksBuildPhase section */
		307CAA541C91BA0300F3D59F /* Frameworks */ = {
			isa = PBXFrameworksBuildPhase;
			buildActionMask = 2147483647;
			files = (
				AC316DCD18F7A6416F5F7CE8 /* Pods_FairManager.framework in Frameworks */,
			);
			runOnlyForDeploymentPostprocessing = 0;
		};
/* End PBXFrameworksBuildPhase section */

/* Begin PBXGroup section */
		307CAA4E1C91BA0200F3D59F = {
			isa = PBXGroup;
			children = (
				307CAA591C91BA0300F3D59F /* FairManager */,
				307CAA581C91BA0300F3D59F /* Products */,
				6DB2746C9891FD1262ACDF7B /* Pods */,
				B686C7DCCE849FA69E062F8B /* Frameworks */,
			);
			sourceTree = "<group>";
		};
		307CAA581C91BA0300F3D59F /* Products */ = {
			isa = PBXGroup;
			children = (
				307CAA571C91BA0300F3D59F /* FairManager.app */,
			);
			name = Products;
			sourceTree = "<group>";
		};
		307CAA591C91BA0300F3D59F /* FairManager */ = {
			isa = PBXGroup;
			children = (
				308B5D781C91D5AA005C1F48 /* DataFactory.swift */,
				307CAA5A1C91BA0300F3D59F /* AppDelegate.swift */,
				307CAA601C91BA0300F3D59F /* Main.storyboard */,
				304070F01CCABAAF00F9D092 /* FMPersonnelDetailViewController.swift */,
				304070EE1CCA94DE00F9D092 /* FMPersonnelTableViewController.swift */,
				3058BD101CBA2A8B00AFF9A8 /* FMEventTableViewCell.xib */,
				3058BD121CBA2C9300AFF9A8 /* FMEventTableViewCell.swift */,
				3058BD0E1CB987F300AFF9A8 /* FMEventDetailTableViewController.swift */,
				3099A6BB1CB28A4500FCA1E5 /* FMUITabBarController.swift */,
				30E71D9B1CAFC389003A5E95 /* FMCompanyDetailTableViewController.swift */,
				30E71D991CAFC2C2003A5E95 /* FMCompanyTableViewController.swift */,
				3058BD0C1CB987C200AFF9A8 /* FMEventTableViewController.swift */,
				3058BD141CBE969600AFF9A8 /* commonExtensions.swift */,
				3094F44F1CAF01FD0067062E /* FMUINavigationController.swift */,
				3094F44B1CAEEE650067062E /* FMCompanyTableViewCell.xib */,
				3094F44D1CAEF3330067062E /* FMCompanyTableViewCell.swift */,
				307CAA631C91BA0300F3D59F /* Assets.xcassets */,
				307CAA651C91BA0300F3D59F /* LaunchScreen.storyboard */,
				307CAA681C91BA0300F3D59F /* Info.plist */,
			);
			path = FairManager;
			sourceTree = "<group>";
		};
		6DB2746C9891FD1262ACDF7B /* Pods */ = {
			isa = PBXGroup;
			children = (
				F2A22E6FA3463AE453DC3485 /* Pods-FairManager.debug.xcconfig */,
				1FBCAF84EEDF87578315FBFA /* Pods-FairManager.release.xcconfig */,
			);
			name = Pods;
			sourceTree = "<group>";
		};
		B686C7DCCE849FA69E062F8B /* Frameworks */ = {
			isa = PBXGroup;
			children = (
				EFD35E4D6B51EA11038654F9 /* Pods_FairManager.framework */,
			);
			name = Frameworks;
			sourceTree = "<group>";
		};
/* End PBXGroup section */

/* Begin PBXNativeTarget section */
		307CAA561C91BA0300F3D59F /* FairManager */ = {
			isa = PBXNativeTarget;
			buildConfigurationList = 307CAA6B1C91BA0300F3D59F /* Build configuration list for PBXNativeTarget "FairManager" */;
			buildPhases = (
				555B24472EF4D922FDE2D1CE /* Check Pods Manifest.lock */,
				307CAA531C91BA0300F3D59F /* Sources */,
				307CAA541C91BA0300F3D59F /* Frameworks */,
				307CAA551C91BA0300F3D59F /* Resources */,
				6712D581A73A777EFABD8614 /* Embed Pods Frameworks */,
				1B9EE1F61AF561017E9FBAAB /* Copy Pods Resources */,
			);
			buildRules = (
			);
			dependencies = (
			);
			name = FairManager;
			productName = FairManager;
			productReference = 307CAA571C91BA0300F3D59F /* FairManager.app */;
			productType = "com.apple.product-type.application";
		};
/* End PBXNativeTarget section */

/* Begin PBXProject section */
		307CAA4F1C91BA0200F3D59F /* Project object */ = {
			isa = PBXProject;
			attributes = {
				LastSwiftUpdateCheck = 0720;
				LastUpgradeCheck = 0720;
				ORGANIZATIONNAME = "Oscar Alsing";
				TargetAttributes = {
					307CAA561C91BA0300F3D59F = {
						CreatedOnToolsVersion = 7.2.1;
					};
				};
			};
			buildConfigurationList = 307CAA521C91BA0200F3D59F /* Build configuration list for PBXProject "FairManager" */;
			compatibilityVersion = "Xcode 3.2";
			developmentRegion = English;
			hasScannedForEncodings = 0;
			knownRegions = (
				en,
				Base,
			);
			mainGroup = 307CAA4E1C91BA0200F3D59F;
			productRefGroup = 307CAA581C91BA0300F3D59F /* Products */;
			projectDirPath = "";
			projectRoot = "";
			targets = (
				307CAA561C91BA0300F3D59F /* FairManager */,
			);
		};
/* End PBXProject section */

/* Begin PBXResourcesBuildPhase section */
		307CAA551C91BA0300F3D59F /* Resources */ = {
			isa = PBXResourcesBuildPhase;
			buildActionMask = 2147483647;
			files = (
				3094F44C1CAEEE650067062E /* FMCompanyTableViewCell.xib in Resources */,
				3058BD111CBA2A8B00AFF9A8 /* FMEventTableViewCell.xib in Resources */,
				307CAA671C91BA0300F3D59F /* LaunchScreen.storyboard in Resources */,
				307CAA641C91BA0300F3D59F /* Assets.xcassets in Resources */,
				307CAA621C91BA0300F3D59F /* Main.storyboard in Resources */,
			);
			runOnlyForDeploymentPostprocessing = 0;
		};
/* End PBXResourcesBuildPhase section */

/* Begin PBXShellScriptBuildPhase section */
		1B9EE1F61AF561017E9FBAAB /* Copy Pods Resources */ = {
			isa = PBXShellScriptBuildPhase;
			buildActionMask = 2147483647;
			files = (
			);
			inputPaths = (
			);
			name = "Copy Pods Resources";
			outputPaths = (
			);
			runOnlyForDeploymentPostprocessing = 0;
			shellPath = /bin/sh;
			shellScript = "\"${SRCROOT}/Pods/Target Support Files/Pods-FairManager/Pods-FairManager-resources.sh\"\n";
			showEnvVarsInLog = 0;
		};
		555B24472EF4D922FDE2D1CE /* Check Pods Manifest.lock */ = {
			isa = PBXShellScriptBuildPhase;
			buildActionMask = 2147483647;
			files = (
			);
			inputPaths = (
			);
			name = "Check Pods Manifest.lock";
			outputPaths = (
			);
			runOnlyForDeploymentPostprocessing = 0;
			shellPath = /bin/sh;
			shellScript = "diff \"${PODS_ROOT}/../Podfile.lock\" \"${PODS_ROOT}/Manifest.lock\" > /dev/null\nif [[ $? != 0 ]] ; then\n    cat << EOM\nerror: The sandbox is not in sync with the Podfile.lock. Run 'pod install' or update your CocoaPods installation.\nEOM\n    exit 1\nfi\n";
			showEnvVarsInLog = 0;
		};
		6712D581A73A777EFABD8614 /* Embed Pods Frameworks */ = {
			isa = PBXShellScriptBuildPhase;
			buildActionMask = 2147483647;
			files = (
			);
			inputPaths = (
			);
			name = "Embed Pods Frameworks";
			outputPaths = (
			);
			runOnlyForDeploymentPostprocessing = 0;
			shellPath = /bin/sh;
			shellScript = "\"${SRCROOT}/Pods/Target Support Files/Pods-FairManager/Pods-FairManager-frameworks.sh\"\n";
			showEnvVarsInLog = 0;
		};
/* End PBXShellScriptBuildPhase section */

/* Begin PBXSourcesBuildPhase section */
		307CAA531C91BA0300F3D59F /* Sources */ = {
			isa = PBXSourcesBuildPhase;
			buildActionMask = 2147483647;
			files = (
				30E71D9C1CAFC389003A5E95 /* FMCompanyDetailTableViewController.swift in Sources */,
				3094F44E1CAEF3330067062E /* FMCompanyTableViewCell.swift in Sources */,
				307CAA5B1C91BA0300F3D59F /* AppDelegate.swift in Sources */,
				3099A6BC1CB28A4500FCA1E5 /* FMUITabBarController.swift in Sources */,
				3094F4501CAF01FD0067062E /* FMUINavigationController.swift in Sources */,
				30E71D9A1CAFC2C2003A5E95 /* FMCompanyTableViewController.swift in Sources */,
				3058BD0D1CB987C200AFF9A8 /* FMEventTableViewController.swift in Sources */,
				304070F11CCABAAF00F9D092 /* FMPersonnelDetailViewController.swift in Sources */,
				304070EF1CCA94DE00F9D092 /* FMPersonnelTableViewController.swift in Sources */,
				308B5D791C91D5AA005C1F48 /* DataFactory.swift in Sources */,
				3058BD151CBE969600AFF9A8 /* commonExtensions.swift in Sources */,
				3058BD0F1CB987F300AFF9A8 /* FMEventDetailTableViewController.swift in Sources */,
				3058BD131CBA2C9300AFF9A8 /* FMEventTableViewCell.swift in Sources */,
			);
			runOnlyForDeploymentPostprocessing = 0;
		};
/* End PBXSourcesBuildPhase section */

/* Begin PBXVariantGroup section */
		307CAA601C91BA0300F3D59F /* Main.storyboard */ = {
			isa = PBXVariantGroup;
			children = (
				307CAA611C91BA0300F3D59F /* Base */,
			);
			name = Main.storyboard;
			sourceTree = "<group>";
		};
		307CAA651C91BA0300F3D59F /* LaunchScreen.storyboard */ = {
			isa = PBXVariantGroup;
			children = (
				307CAA661C91BA0300F3D59F /* Base */,
			);
			name = LaunchScreen.storyboard;
			sourceTree = "<group>";
		};
/* End PBXVariantGroup section */

/* Begin XCBuildConfiguration section */
		307CAA691C91BA0300F3D59F /* Debug */ = {
			isa = XCBuildConfiguration;
			buildSettings = {
				ALWAYS_SEARCH_USER_PATHS = NO;
				CLANG_CXX_LANGUAGE_STANDARD = "gnu++0x";
				CLANG_CXX_LIBRARY = "libc++";
				CLANG_ENABLE_MODULES = YES;
				CLANG_ENABLE_OBJC_ARC = YES;
				CLANG_WARN_BOOL_CONVERSION = YES;
				CLANG_WARN_CONSTANT_CONVERSION = YES;
				CLANG_WARN_DIRECT_OBJC_ISA_USAGE = YES_ERROR;
				CLANG_WARN_EMPTY_BODY = YES;
				CLANG_WARN_ENUM_CONVERSION = YES;
				CLANG_WARN_INT_CONVERSION = YES;
				CLANG_WARN_OBJC_ROOT_CLASS = YES_ERROR;
				CLANG_WARN_UNREACHABLE_CODE = YES;
				CLANG_WARN__DUPLICATE_METHOD_MATCH = YES;
				"CODE_SIGN_IDENTITY[sdk=iphoneos*]" = "iPhone Developer";
				COPY_PHASE_STRIP = NO;
				DEBUG_INFORMATION_FORMAT = dwarf;
				ENABLE_STRICT_OBJC_MSGSEND = YES;
				ENABLE_TESTABILITY = YES;
				GCC_C_LANGUAGE_STANDARD = gnu99;
				GCC_DYNAMIC_NO_PIC = NO;
				GCC_NO_COMMON_BLOCKS = YES;
				GCC_OPTIMIZATION_LEVEL = 0;
				GCC_PREPROCESSOR_DEFINITIONS = (
					"DEBUG=1",
					"$(inherited)",
				);
				GCC_WARN_64_TO_32_BIT_CONVERSION = YES;
				GCC_WARN_ABOUT_RETURN_TYPE = YES_ERROR;
				GCC_WARN_UNDECLARED_SELECTOR = YES;
				GCC_WARN_UNINITIALIZED_AUTOS = YES_AGGRESSIVE;
				GCC_WARN_UNUSED_FUNCTION = YES;
				GCC_WARN_UNUSED_VARIABLE = YES;
				IPHONEOS_DEPLOYMENT_TARGET = 9.2;
				MTL_ENABLE_DEBUG_INFO = YES;
				ONLY_ACTIVE_ARCH = YES;
				SDKROOT = iphoneos;
				SWIFT_OPTIMIZATION_LEVEL = "-Onone";
				TARGETED_DEVICE_FAMILY = "1,2";
			};
			name = Debug;
		};
		307CAA6A1C91BA0300F3D59F /* Release */ = {
			isa = XCBuildConfiguration;
			buildSettings = {
				ALWAYS_SEARCH_USER_PATHS = NO;
				CLANG_CXX_LANGUAGE_STANDARD = "gnu++0x";
				CLANG_CXX_LIBRARY = "libc++";
				CLANG_ENABLE_MODULES = YES;
				CLANG_ENABLE_OBJC_ARC = YES;
				CLANG_WARN_BOOL_CONVERSION = YES;
				CLANG_WARN_CONSTANT_CONVERSION = YES;
				CLANG_WARN_DIRECT_OBJC_ISA_USAGE = YES_ERROR;
				CLANG_WARN_EMPTY_BODY = YES;
				CLANG_WARN_ENUM_CONVERSION = YES;
				CLANG_WARN_INT_CONVERSION = YES;
				CLANG_WARN_OBJC_ROOT_CLASS = YES_ERROR;
				CLANG_WARN_UNREACHABLE_CODE = YES;
				CLANG_WARN__DUPLICATE_METHOD_MATCH = YES;
				"CODE_SIGN_IDENTITY[sdk=iphoneos*]" = "iPhone Developer";
				COPY_PHASE_STRIP = NO;
				DEBUG_INFORMATION_FORMAT = "dwarf-with-dsym";
				ENABLE_NS_ASSERTIONS = NO;
				ENABLE_STRICT_OBJC_MSGSEND = YES;
				GCC_C_LANGUAGE_STANDARD = gnu99;
				GCC_NO_COMMON_BLOCKS = YES;
				GCC_WARN_64_TO_32_BIT_CONVERSION = YES;
				GCC_WARN_ABOUT_RETURN_TYPE = YES_ERROR;
				GCC_WARN_UNDECLARED_SELECTOR = YES;
				GCC_WARN_UNINITIALIZED_AUTOS = YES_AGGRESSIVE;
				GCC_WARN_UNUSED_FUNCTION = YES;
				GCC_WARN_UNUSED_VARIABLE = YES;
				IPHONEOS_DEPLOYMENT_TARGET = 9.2;
				MTL_ENABLE_DEBUG_INFO = NO;
				SDKROOT = iphoneos;
				TARGETED_DEVICE_FAMILY = "1,2";
				VALIDATE_PRODUCT = YES;
			};
			name = Release;
		};
		307CAA6C1C91BA0300F3D59F /* Debug */ = {
			isa = XCBuildConfiguration;
			baseConfigurationReference = F2A22E6FA3463AE453DC3485 /* Pods-FairManager.debug.xcconfig */;
			buildSettings = {
				ASSETCATALOG_COMPILER_APPICON_NAME = AppIcon;
				INFOPLIST_FILE = FairManager/Info.plist;
				LD_RUNPATH_SEARCH_PATHS = "$(inherited) @executable_path/Frameworks";
				PRODUCT_BUNDLE_IDENTIFIER = oscar.alsing.FairManager;
				PRODUCT_NAME = "$(TARGET_NAME)";
				TARGETED_DEVICE_FAMILY = 1;
			};
			name = Debug;
		};
		307CAA6D1C91BA0300F3D59F /* Release */ = {
			isa = XCBuildConfiguration;
			baseConfigurationReference = 1FBCAF84EEDF87578315FBFA /* Pods-FairManager.release.xcconfig */;
			buildSettings = {
				ASSETCATALOG_COMPILER_APPICON_NAME = AppIcon;
				INFOPLIST_FILE = FairManager/Info.plist;
				LD_RUNPATH_SEARCH_PATHS = "$(inherited) @executable_path/Frameworks";
				PRODUCT_BUNDLE_IDENTIFIER = oscar.alsing.FairManager;
				PRODUCT_NAME = "$(TARGET_NAME)";
				TARGETED_DEVICE_FAMILY = 1;
			};
			name = Release;
		};
/* End XCBuildConfiguration section */

/* Begin XCConfigurationList section */
		307CAA521C91BA0200F3D59F /* Build configuration list for PBXProject "FairManager" */ = {
			isa = XCConfigurationList;
			buildConfigurations = (
				307CAA691C91BA0300F3D59F /* Debug */,
				307CAA6A1C91BA0300F3D59F /* Release */,
			);
			defaultConfigurationIsVisible = 0;
			defaultConfigurationName = Release;
		};
		307CAA6B1C91BA0300F3D59F /* Build configuration list for PBXNativeTarget "FairManager" */ = {
			isa = XCConfigurationList;
			buildConfigurations = (
				307CAA6C1C91BA0300F3D59F /* Debug */,
				307CAA6D1C91BA0300F3D59F /* Release */,
			);
			defaultConfigurationIsVisible = 0;
			defaultConfigurationName = Release;
		};
/* End XCConfigurationList section */
	};
	rootObject = 307CAA4F1C91BA0200F3D59F /* Project object */;
}
